// !$*UTF8*$!
{
	archiveVersion = 1;
	classes = {
	};
	objectVersion = 48;
	objects = {

/* Begin PBXBuildFile section */
		D2FF4FBE1F73EE9F00934BB7 /* AppDelegate.swift in Sources */ = {isa = PBXBuildFile; fileRef = D2FF4FBD1F73EE9F00934BB7 /* AppDelegate.swift */; };
		D2FF4FC01F73EE9F00934BB7 /* art.scnassets in Resources */ = {isa = PBXBuildFile; fileRef = D2FF4FBF1F73EE9F00934BB7 /* art.scnassets */; };
		D2FF4FC21F73EE9F00934BB7 /* ViewController.swift in Sources */ = {isa = PBXBuildFile; fileRef = D2FF4FC11F73EE9F00934BB7 /* ViewController.swift */; };
		D2FF4FC51F73EE9F00934BB7 /* Main.storyboard in Resources */ = {isa = PBXBuildFile; fileRef = D2FF4FC31F73EE9F00934BB7 /* Main.storyboard */; };
		D2FF4FC71F73EE9F00934BB7 /* Assets.xcassets in Resources */ = {isa = PBXBuildFile; fileRef = D2FF4FC61F73EE9F00934BB7 /* Assets.xcassets */; };
		D2FF4FCA1F73EE9F00934BB7 /* LaunchScreen.storyboard in Resources */ = {isa = PBXBuildFile; fileRef = D2FF4FC81F73EE9F00934BB7 /* LaunchScreen.storyboard */; };
/* End PBXBuildFile section */

/* Begin PBXFileReference section */
		D2FF4FBA1F73EE9F00934BB7 /* rampa-base.app */ = {isa = PBXFileReference; explicitFileType = wrapper.application; includeInIndex = 0; path = "rampa-base.app"; sourceTree = BUILT_PRODUCTS_DIR; };
		D2FF4FBD1F73EE9F00934BB7 /* AppDelegate.swift */ = {isa = PBXFileReference; lastKnownFileType = sourcecode.swift; path = AppDelegate.swift; sourceTree = "<group>"; };
		D2FF4FBF1F73EE9F00934BB7 /* art.scnassets */ = {isa = PBXFileReference; lastKnownFileType = wrapper.scnassets; path = art.scnassets; sourceTree = "<group>"; };
		D2FF4FC11F73EE9F00934BB7 /* ViewController.swift */ = {isa = PBXFileReference; lastKnownFileType = sourcecode.swift; path = ViewController.swift; sourceTree = "<group>"; };
		D2FF4FC41F73EE9F00934BB7 /* Base */ = {isa = PBXFileReference; lastKnownFileType = file.storyboard; name = Base; path = Base.lproj/Main.storyboard; sourceTree = "<group>"; };
		D2FF4FC61F73EE9F00934BB7 /* Assets.xcassets */ = {isa = PBXFileReference; lastKnownFileType = folder.assetcatalog; path = Assets.xcassets; sourceTree = "<group>"; };
		D2FF4FC91F73EE9F00934BB7 /* Base */ = {isa = PBXFileReference; lastKnownFileType = file.storyboard; name = Base; path = Base.lproj/LaunchScreen.storyboard; sourceTree = "<group>"; };
		D2FF4FCB1F73EE9F00934BB7 /* Info.plist */ = {isa = PBXFileReference; lastKnownFileType = text.plist.xml; path = Info.plist; sourceTree = "<group>"; };
/* End PBXFileReference section */

/* Begin PBXFrameworksBuildPhase section */
		D2FF4FB71F73EE9F00934BB7 /* Frameworks */ = {
			isa = PBXFrameworksBuildPhase;
			buildActionMask = 2147483647;
			files = (
			);
			runOnlyForDeploymentPostprocessing = 0;
		};
/* End PBXFrameworksBuildPhase section */

/* Begin PBXGroup section */
		D2FF4FB11F73EE9F00934BB7 = {
			isa = PBXGroup;
			children = (
				D2FF4FBC1F73EE9F00934BB7 /* rampa-base */,
				D2FF4FBB1F73EE9F00934BB7 /* Products */,
			);
			sourceTree = "<group>";
		};
		D2FF4FBB1F73EE9F00934BB7 /* Products */ = {
			isa = PBXGroup;
			children = (
				D2FF4FBA1F73EE9F00934BB7 /* rampa-base.app */,
			);
			name = Products;
			sourceTree = "<group>";
		};
		D2FF4FBC1F73EE9F00934BB7 /* rampa-base */ = {
			isa = PBXGroup;
			children = (
				D2FF4FBD1F73EE9F00934BB7 /* AppDelegate.swift */,
				D2FF4FBF1F73EE9F00934BB7 /* art.scnassets */,
				D2FF4FC11F73EE9F00934BB7 /* ViewController.swift */,
				D2FF4FC31F73EE9F00934BB7 /* Main.storyboard */,
				D2FF4FC61F73EE9F00934BB7 /* Assets.xcassets */,
				D2FF4FC81F73EE9F00934BB7 /* LaunchScreen.storyboard */,
				D2FF4FCB1F73EE9F00934BB7 /* Info.plist */,
			);
			path = "rampa-base";
			sourceTree = "<group>";
		};
/* End PBXGroup section */

/* Begin PBXNativeTarget section */
		D2FF4FB91F73EE9F00934BB7 /* rampa-base */ = {
			isa = PBXNativeTarget;
			buildConfigurationList = D2FF4FCE1F73EE9F00934BB7 /* Build configuration list for PBXNativeTarget "rampa-base" */;
			buildPhases = (
				D2FF4FB61F73EE9F00934BB7 /* Sources */,
				D2FF4FB71F73EE9F00934BB7 /* Frameworks */,
				D2FF4FB81F73EE9F00934BB7 /* Resources */,
			);
			buildRules = (
			);
			dependencies = (
			);
			name = "rampa-base";
			productName = "rampa-base";
			productReference = D2FF4FBA1F73EE9F00934BB7 /* rampa-base.app */;
			productType = "com.apple.product-type.application";
		};
/* End PBXNativeTarget section */

/* Begin PBXProject section */
		D2FF4FB21F73EE9F00934BB7 /* Project object */ = {
			isa = PBXProject;
			attributes = {
				LastSwiftUpdateCheck = 0900;
				LastUpgradeCheck = 0900;
				ORGANIZATIONNAME = "Vladimir Valter";
				TargetAttributes = {
					D2FF4FB91F73EE9F00934BB7 = {
						CreatedOnToolsVersion = 9.0;
						ProvisioningStyle = Automatic;
					};
				};
			};
			buildConfigurationList = D2FF4FB51F73EE9F00934BB7 /* Build configuration list for PBXProject "rampa-base" */;
			compatibilityVersion = "Xcode 8.0";
			developmentRegion = en;
			hasScannedForEncodings = 0;
			knownRegions = (
				en,
				Base,
			);
			mainGroup = D2FF4FB11F73EE9F00934BB7;
			productRefGroup = D2FF4FBB1F73EE9F00934BB7 /* Products */;
			projectDirPath = "";
			projectRoot = "";
			targets = (
				D2FF4FB91F73EE9F00934BB7 /* rampa-base */,
			);
		};
/* End PBXProject section */

/* Begin PBXResourcesBuildPhase section */
		D2FF4FB81F73EE9F00934BB7 /* Resources */ = {
			isa = PBXResourcesBuildPhase;
			buildActionMask = 2147483647;
			files = (
				D2FF4FC01F73EE9F00934BB7 /* art.scnassets in Resources */,
				D2FF4FCA1F73EE9F00934BB7 /* LaunchScreen.storyboard in Resources */,
				D2FF4FC71F73EE9F00934BB7 /* Assets.xcassets in Resources */,
				D2FF4FC51F73EE9F00934BB7 /* Main.storyboard in Resources */,
			);
			runOnlyForDeploymentPostprocessing = 0;
		};
/* End PBXResourcesBuildPhase section */

/* Begin PBXSourcesBuildPhase section */
		D2FF4FB61F73EE9F00934BB7 /* Sources */ = {
			isa = PBXSourcesBuildPhase;
			buildActionMask = 2147483647;
			files = (
				D2FF4FC21F73EE9F00934BB7 /* ViewController.swift in Sources */,
				D2FF4FBE1F73EE9F00934BB7 /* AppDelegate.swift in Sources */,
			);
			runOnlyForDeploymentPostprocessing = 0;
		};
/* End PBXSourcesBuildPhase section */

/* Begin PBXVariantGroup section */
		D2FF4FC31F73EE9F00934BB7 /* Main.storyboard */ = {
			isa = PBXVariantGroup;
			children = (
				D2FF4FC41F73EE9F00934BB7 /* Base */,
			);
			name = Main.storyboard;
			sourceTree = "<group>";
		};
		D2FF4FC81F73EE9F00934BB7 /* LaunchScreen.storyboard */ = {
			isa = PBXVariantGroup;
			children = (
				D2FF4FC91F73EE9F00934BB7 /* Base */,
			);
			name = LaunchScreen.storyboard;
			sourceTree = "<group>";
		};
/* End PBXVariantGroup section */

/* Begin XCBuildConfiguration section */
		D2FF4FCC1F73EE9F00934BB7 /* Debug */ = {
			isa = XCBuildConfiguration;
			buildSettings = {
				ALWAYS_SEARCH_USER_PATHS = NO;
				CLANG_ANALYZER_NONNULL = YES;
				CLANG_ANALYZER_NUMBER_OBJECT_CONVERSION = YES_AGGRESSIVE;
				CLANG_CXX_LANGUAGE_STANDARD = "gnu++14";
				CLANG_CXX_LIBRARY = "libc++";
				CLANG_ENABLE_MODULES = YES;
				CLANG_ENABLE_OBJC_ARC = YES;
				CLANG_WARN_BLOCK_CAPTURE_AUTORELEASING = YES;
				CLANG_WARN_BOOL_CONVERSION = YES;
				CLANG_WARN_COMMA = YES;
				CLANG_WARN_CONSTANT_CONVERSION = YES;
				CLANG_WARN_DIRECT_OBJC_ISA_USAGE = YES_ERROR;
				CLANG_WARN_DOCUMENTATION_COMMENTS = YES;
				CLANG_WARN_EMPTY_BODY = YES;
				CLANG_WARN_ENUM_CONVERSION = YES;
				CLANG_WARN_INFINITE_RECURSION = YES;
				CLANG_WARN_INT_CONVERSION = YES;
				CLANG_WARN_NON_LITERAL_NULL_CONVERSION = YES;
				CLANG_WARN_OBJC_LITERAL_CONVERSION = YES;
				CLANG_WARN_OBJC_ROOT_CLASS = YES_ERROR;
				CLANG_WARN_RANGE_LOOP_ANALYSIS = YES;
				CLANG_WARN_STRICT_PROTOTYPES = YES;
				CLANG_WARN_SUSPICIOUS_MOVE = YES;
				CLANG_WARN_UNGUARDED_AVAILABILITY = YES_AGGRESSIVE;
				CLANG_WARN_UNREACHABLE_CODE = YES;
				CLANG_WARN__DUPLICATE_METHOD_MATCH = YES;
				CODE_SIGN_IDENTITY = "iPhone Developer";
				COPY_PHASE_STRIP = NO;
				DEBUG_INFORMATION_FORMAT = dwarf;
				ENABLE_STRICT_OBJC_MSGSEND = YES;
				ENABLE_TESTABILITY = YES;
				GCC_C_LANGUAGE_STANDARD = gnu11;
				GCC_DYNAMIC_NO_PIC = NO;
				GCC_NO_COMMON_BLOCKS = YES;
				GCC_OPTIMIZATION_LEVEL = 0;
				GCC_PREPROCESSOR_DEFINITIONS = (
					"DEBUG=1",
					"$(inherited)",
				);
				GCC_WARN_64_TO_32_BIT_CONVERSION = YES;
				GCC_WARN_ABOUT_RETURN_TYPE = YES_ERROR;
				GCC_WARN_UNDECLARED_SELECTOR = YES;
				GCC_WARN_UNINITIALIZED_AUTOS = YES_AGGRESSIVE;
				GCC_WARN_UNUSED_FUNCTION = YES;
				GCC_WARN_UNUSED_VARIABLE = YES;
				IPHONEOS_DEPLOYMENT_TARGET = 11.0;
				MTL_ENABLE_DEBUG_INFO = YES;
				ONLY_ACTIVE_ARCH = YES;
				SDKROOT = iphoneos;
				SWIFT_ACTIVE_COMPILATION_CONDITIONS = DEBUG;
				SWIFT_OPTIMIZATION_LEVEL = "-Onone";
			};
			name = Debug;
		};
		D2FF4FCD1F73EE9F00934BB7 /* Release */ = {
			isa = XCBuildConfiguration;
			buildSettings = {
				ALWAYS_SEARCH_USER_PATHS = NO;
				CLANG_ANALYZER_NONNULL = YES;
				CLANG_ANALYZER_NUMBER_OBJECT_CONVERSION = YES_AGGRESSIVE;
				CLANG_CXX_LANGUAGE_STANDARD = "gnu++14";
				CLANG_CXX_LIBRARY = "libc++";
				CLANG_ENABLE_MODULES = YES;
				CLANG_ENABLE_OBJC_ARC = YES;
				CLANG_WARN_BLOCK_CAPTURE_AUTORELEASING = YES;
				CLANG_WARN_BOOL_CONVERSION = YES;
				CLANG_WARN_COMMA = YES;
				CLANG_WARN_CONSTANT_CONVERSION = YES;
				CLANG_WARN_DIRECT_OBJC_ISA_USAGE = YES_ERROR;
				CLANG_WARN_DOCUMENTATION_COMMENTS = YES;
				CLANG_WARN_EMPTY_BODY = YES;
				CLANG_WARN_ENUM_CONVERSION = YES;
				CLANG_WARN_INFINITE_RECURSION = YES;
				CLANG_WARN_INT_CONVERSION = YES;
				CLANG_WARN_NON_LITERAL_NULL_CONVERSION = YES;
				CLANG_WARN_OBJC_LITERAL_CONVERSION = YES;
				CLANG_WARN_OBJC_ROOT_CLASS = YES_ERROR;
				CLANG_WARN_RANGE_LOOP_ANALYSIS = YES;
				CLANG_WARN_STRICT_PROTOTYPES = YES;
				CLANG_WARN_SUSPICIOUS_MOVE = YES;
				CLANG_WARN_UNGUARDED_AVAILABILITY = YES_AGGRESSIVE;
				CLANG_WARN_UNREACHABLE_CODE = YES;
				CLANG_WARN__DUPLICATE_METHOD_MATCH = YES;
				CODE_SIGN_IDENTITY = "iPhone Developer";
				COPY_PHASE_STRIP = NO;
				DEBUG_INFORMATION_FORMAT = "dwarf-with-dsym";
				ENABLE_NS_ASSERTIONS = NO;
				ENABLE_STRICT_OBJC_MSGSEND = YES;
				GCC_C_LANGUAGE_STANDARD = gnu11;
				GCC_NO_COMMON_BLOCKS = YES;
				GCC_WARN_64_TO_32_BIT_CONVERSION = YES;
				GCC_WARN_ABOUT_RETURN_TYPE = YES_ERROR;
				GCC_WARN_UNDECLARED_SELECTOR = YES;
				GCC_WARN_UNINITIALIZED_AUTOS = YES_AGGRESSIVE;
				GCC_WARN_UNUSED_FUNCTION = YES;
				GCC_WARN_UNUSED_VARIABLE = YES;
				IPHONEOS_DEPLOYMENT_TARGET = 11.0;
				MTL_ENABLE_DEBUG_INFO = NO;
				SDKROOT = iphoneos;
				SWIFT_OPTIMIZATION_LEVEL = "-Owholemodule";
				VALIDATE_PRODUCT = YES;
			};
			name = Release;
		};
		D2FF4FCF1F73EE9F00934BB7 /* Debug */ = {
			isa = XCBuildConfiguration;
			buildSettings = {
				ASSETCATALOG_COMPILER_APPICON_NAME = AppIcon;
				CODE_SIGN_STYLE = Automatic;
				DEVELOPMENT_TEAM = 9F99Z2TAVG;
				INFOPLIST_FILE = "rampa-base/Info.plist";
				LD_RUNPATH_SEARCH_PATHS = "$(inherited) @executable_path/Frameworks";
				PRODUCT_BUNDLE_IDENTIFIER = "com.valterapps.rampa-base";
				PRODUCT_NAME = "$(TARGET_NAME)";
				SWIFT_VERSION = 4.0;
				TARGETED_DEVICE_FAMILY = "1,2";
			};
			name = Debug;
		};
		D2FF4FD01F73EE9F00934BB7 /* Release */ = {
			isa = XCBuildConfiguration;
			buildSettings = {
				ASSETCATALOG_COMPILER_APPICON_NAME = AppIcon;
				CODE_SIGN_STYLE = Automatic;
				DEVELOPMENT_TEAM = 9F99Z2TAVG;
				INFOPLIST_FILE = "rampa-base/Info.plist";
				LD_RUNPATH_SEARCH_PATHS = "$(inherited) @executable_path/Frameworks";
				PRODUCT_BUNDLE_IDENTIFIER = "com.valterapps.rampa-base";
				PRODUCT_NAME = "$(TARGET_NAME)";
				SWIFT_VERSION = 4.0;
				TARGETED_DEVICE_FAMILY = "1,2";
			};
			name = Release;
		};
/* End XCBuildConfiguration section */

/* Begin XCConfigurationList section */
		D2FF4FB51F73EE9F00934BB7 /* Build configuration list for PBXProject "rampa-base" */ = {
			isa = XCConfigurationList;
			buildConfigurations = (
				D2FF4FCC1F73EE9F00934BB7 /* Debug */,
				D2FF4FCD1F73EE9F00934BB7 /* Release */,
			);
			defaultConfigurationIsVisible = 0;
			defaultConfigurationName = Release;
		};
		D2FF4FCE1F73EE9F00934BB7 /* Build configuration list for PBXNativeTarget "rampa-base" */ = {
			isa = XCConfigurationList;
			buildConfigurations = (
				D2FF4FCF1F73EE9F00934BB7 /* Debug */,
				D2FF4FD01F73EE9F00934BB7 /* Release */,
			);
			defaultConfigurationIsVisible = 0;
			defaultConfigurationName = Release;
		};
/* End XCConfigurationList section */
	};
	rootObject = D2FF4FB21F73EE9F00934BB7 /* Project object */;
}
